
Microsoft Visual Studio Solution File, Format Version 12.00
# Visual Studio Version 17
VisualStudioVersion = 17.1.32210.238
MinimumVisualStudioVersion = 10.0.40219.1
Project("{9A19103F-16F7-4668-BE54-9A1E7A4F7556}") = "KampIntro", "KampIntro\KampIntro.csproj", "{B55A25D6-3FA0-4972-9E21-E595CD3FB286}"
EndProject
Project("{9A19103F-16F7-4668-BE54-9A1E7A4F7556}") = "Donguler", "Donguler\Donguler.csproj", "{919876AD-4B36-4077-BBDF-9A76B3B33722}"
EndProject
Project("{9A19103F-16F7-4668-BE54-9A1E7A4F7556}") = "ClassIntro", "ClassIntro\ClassIntro.csproj", "{CBFE2ECC-535C-43D7-AB91-E48507E1B1BE}"
EndProject
Project("{9A19103F-16F7-4668-BE54-9A1E7A4F7556}") = "SecondDayHomework6", "SecondDayHomework6\SecondDayHomework6.csproj", "{06550810-BF6E-461F-B02B-0B117E1E2E55}"
EndProject
Project("{FAE04EC0-301F-11D3-BF4B-00C04F79EFBC}") = "Metotlar", "Metotlar\Metotlar.csproj", "{A7D8CFFF-9F75-448D-86FA-6D2A45D26379}"
EndProject
Project("{FAE04EC0-301F-11D3-BF4B-00C04F79EFBC}") = "Matematik", "Matematik\Matematik.csproj", "{192714C9-A9AE-4237-B12E-D9E6CA713457}"
EndProject
Project("{FAE04EC0-301F-11D3-BF4B-00C04F79EFBC}") = "DegerVeReferansTipler", "DegerVeReferansTipler\DegerVeReferansTipler.csproj", "{09EA4D64-0343-4E29-9A33-1E7775A1C50F}"
EndProject
Global
	GlobalSection(SolutionConfigurationPlatforms) = preSolution
		Debug|Any CPU = Debug|Any CPU
		Release|Any CPU = Release|Any CPU
	EndGlobalSection
	GlobalSection(ProjectConfigurationPlatforms) = postSolution
		{B55A25D6-3FA0-4972-9E21-E595CD3FB286}.Debug|Any CPU.ActiveCfg = Debug|Any CPU
		{B55A25D6-3FA0-4972-9E21-E595CD3FB286}.Debug|Any CPU.Build.0 = Debug|Any CPU
		{B55A25D6-3FA0-4972-9E21-E595CD3FB286}.Release|Any CPU.ActiveCfg = Release|Any CPU
		{B55A25D6-3FA0-4972-9E21-E595CD3FB286}.Release|Any CPU.Build.0 = Release|Any CPU
		{919876AD-4B36-4077-BBDF-9A76B3B33722}.Debug|Any CPU.ActiveCfg = Debug|Any CPU
		{919876AD-4B36-4077-BBDF-9A76B3B33722}.Debug|Any CPU.Build.0 = Debug|Any CPU
		{919876AD-4B36-4077-BBDF-9A76B3B33722}.Release|Any CPU.ActiveCfg = Release|Any CPU
		{919876AD-4B36-4077-BBDF-9A76B3B33722}.Release|Any CPU.Build.0 = Release|Any CPU
		{CBFE2ECC-535C-43D7-AB91-E48507E1B1BE}.Debug|Any CPU.ActiveCfg = Debug|Any CPU
		{CBFE2ECC-535C-43D7-AB91-E48507E1B1BE}.Debug|Any CPU.Build.0 = Debug|Any CPU
		{CBFE2ECC-535C-43D7-AB91-E48507E1B1BE}.Release|Any CPU.ActiveCfg = Release|Any CPU
		{CBFE2ECC-535C-43D7-AB91-E48507E1B1BE}.Release|Any CPU.Build.0 = Release|Any CPU
		{06550810-BF6E-461F-B02B-0B117E1E2E55}.Debug|Any CPU.ActiveCfg = Debug|Any CPU
		{06550810-BF6E-461F-B02B-0B117E1E2E55}.Debug|Any CPU.Build.0 = Debug|Any CPU
		{06550810-BF6E-461F-B02B-0B117E1E2E55}.Release|Any CPU.ActiveCfg = Release|Any CPU
		{06550810-BF6E-461F-B02B-0B117E1E2E55}.Release|Any CPU.Build.0 = Release|Any CPU
		{A7D8CFFF-9F75-448D-86FA-6D2A45D26379}.Debug|Any CPU.ActiveCfg = Debug|Any CPU
		{A7D8CFFF-9F75-448D-86FA-6D2A45D26379}.Debug|Any CPU.Build.0 = Debug|Any CPU
		{A7D8CFFF-9F75-448D-86FA-6D2A45D26379}.Release|Any CPU.ActiveCfg = Release|Any CPU
		{A7D8CFFF-9F75-448D-86FA-6D2A45D26379}.Release|Any CPU.Build.0 = Release|Any CPU
		{192714C9-A9AE-4237-B12E-D9E6CA713457}.Debug|Any CPU.ActiveCfg = Debug|Any CPU
		{192714C9-A9AE-4237-B12E-D9E6CA713457}.Debug|Any CPU.Build.0 = Debug|Any CPU
		{192714C9-A9AE-4237-B12E-D9E6CA713457}.Release|Any CPU.ActiveCfg = Release|Any CPU
		{192714C9-A9AE-4237-B12E-D9E6CA713457}.Release|Any CPU.Build.0 = Release|Any CPU
		{09EA4D64-0343-4E29-9A33-1E7775A1C50F}.Debug|Any CPU.ActiveCfg = Debug|Any CPU
		{09EA4D64-0343-4E29-9A33-1E7775A1C50F}.Debug|Any CPU.Build.0 = Debug|Any CPU
		{09EA4D64-0343-4E29-9A33-1E7775A1C50F}.Release|Any CPU.ActiveCfg = Release|Any CPU
		{09EA4D64-0343-4E29-9A33-1E7775A1C50F}.Release|Any CPU.Build.0 = Release|Any CPU
	EndGlobalSection
	GlobalSection(SolutionProperties) = preSolution
		HideSolutionNode = FALSE
	EndGlobalSection
	GlobalSection(ExtensibilityGlobals) = postSolution
		SolutionGuid = {122BA63A-CD5B-4CF4-BE62-271887A45728}
	EndGlobalSection
EndGlobal
