
Microsoft Visual Studio Solution File, Format Version 12.00
# Visual Studio Version 17
VisualStudioVersion = 17.1.32210.238
MinimumVisualStudioVersion = 10.0.40219.1
Project("{9A19103F-16F7-4668-BE54-9A1E7A4F7556}") = "KampIntro", "KampIntro\KampIntro.csproj", "{B55A25D6-3FA0-4972-9E21-E595CD3FB286}"
EndProject
Project("{9A19103F-16F7-4668-BE54-9A1E7A4F7556}") = "Donguler", "Donguler\Donguler.csproj", "{919876AD-4B36-4077-BBDF-9A76B3B33722}"
EndProject
Project("{9A19103F-16F7-4668-BE54-9A1E7A4F7556}") = "ClassIntro", "ClassIntro\ClassIntro.csproj", "{CBFE2ECC-535C-43D7-AB91-E48507E1B1BE}"
EndProject
Project("{9A19103F-16F7-4668-BE54-9A1E7A4F7556}") = "SecondDayHomework6", "SecondDayHomework6\SecondDayHomework6.csproj", "{06550810-BF6E-461F-B02B-0B117E1E2E55}"
EndProject
Project("{9A19103F-16F7-4668-BE54-9A1E7A4F7556}") = "Metotlar", "Metotlar\Metotlar.csproj", "{A7D8CFFF-9F75-448D-86FA-6D2A45D26379}"
EndProject
Project("{9A19103F-16F7-4668-BE54-9A1E7A4F7556}") = "Matematik", "Matematik\Matematik.csproj", "{192714C9-A9AE-4237-B12E-D9E6CA713457}"
EndProject
Project("{9A19103F-16F7-4668-BE54-9A1E7A4F7556}") = "DegerVeReferansTipler", "DegerVeReferansTipler\DegerVeReferansTipler.csproj", "{09EA4D64-0343-4E29-9A33-1E7775A1C50F}"
EndProject
Project("{9A19103F-16F7-4668-BE54-9A1E7A4F7556}") = "ClassMetotDemo", "ClassMetotDemo\ClassMetotDemo.csproj", "{B53BA921-D27C-4E8F-A6CD-39FE22647996}"
EndProject
Project("{9A19103F-16F7-4668-BE54-9A1E7A4F7556}") = "OOP1", "OOP1\OOP1.csproj", "{F7516FB8-1F22-4316-8345-9F719F7E3548}"
EndProject
Project("{9A19103F-16F7-4668-BE54-9A1E7A4F7556}") = "Collections", "Collections\Collections.csproj", "{1A31E692-E3EB-4C61-A7C3-A50EA3849950}"
EndProject
Project("{9A19103F-16F7-4668-BE54-9A1E7A4F7556}") = "GenericsIntro", "GenericsIntro\GenericsIntro.csproj", "{BD027D92-69EC-4FFF-A242-5860DA5CE3F3}"
EndProject
Project("{9A19103F-16F7-4668-BE54-9A1E7A4F7556}") = "OOP2", "OOP2\OOP2.csproj", "{326D0200-2181-4EDC-B880-A90BAFD661AD}"
EndProject
Project("{9A19103F-16F7-4668-BE54-9A1E7A4F7556}") = "OOP3", "OOP3\OOP3.csproj", "{2619D0F7-DF21-46FF-B4E2-7C312EE4F75F}"
EndProject
Project("{9A19103F-16F7-4668-BE54-9A1E7A4F7556}") = "GameProject", "GameProject\GameProject.csproj", "{3B721171-0B4C-4FF4-8385-73C5680FD549}"
EndProject
Global
	GlobalSection(SolutionConfigurationPlatforms) = preSolution
		Debug|Any CPU = Debug|Any CPU
		Release|Any CPU = Release|Any CPU
	EndGlobalSection
	GlobalSection(ProjectConfigurationPlatforms) = postSolution
		{B55A25D6-3FA0-4972-9E21-E595CD3FB286}.Debug|Any CPU.ActiveCfg = Debug|Any CPU
		{B55A25D6-3FA0-4972-9E21-E595CD3FB286}.Debug|Any CPU.Build.0 = Debug|Any CPU
		{B55A25D6-3FA0-4972-9E21-E595CD3FB286}.Release|Any CPU.ActiveCfg = Release|Any CPU
		{B55A25D6-3FA0-4972-9E21-E595CD3FB286}.Release|Any CPU.Build.0 = Release|Any CPU
		{919876AD-4B36-4077-BBDF-9A76B3B33722}.Debug|Any CPU.ActiveCfg = Debug|Any CPU
		{919876AD-4B36-4077-BBDF-9A76B3B33722}.Debug|Any CPU.Build.0 = Debug|Any CPU
		{919876AD-4B36-4077-BBDF-9A76B3B33722}.Release|Any CPU.ActiveCfg = Release|Any CPU
		{919876AD-4B36-4077-BBDF-9A76B3B33722}.Release|Any CPU.Build.0 = Release|Any CPU
		{CBFE2ECC-535C-43D7-AB91-E48507E1B1BE}.Debug|Any CPU.ActiveCfg = Debug|Any CPU
		{CBFE2ECC-535C-43D7-AB91-E48507E1B1BE}.Debug|Any CPU.Build.0 = Debug|Any CPU
		{CBFE2ECC-535C-43D7-AB91-E48507E1B1BE}.Release|Any CPU.ActiveCfg = Release|Any CPU
		{CBFE2ECC-535C-43D7-AB91-E48507E1B1BE}.Release|Any CPU.Build.0 = Release|Any CPU
		{06550810-BF6E-461F-B02B-0B117E1E2E55}.Debug|Any CPU.ActiveCfg = Debug|Any CPU
		{06550810-BF6E-461F-B02B-0B117E1E2E55}.Debug|Any CPU.Build.0 = Debug|Any CPU
		{06550810-BF6E-461F-B02B-0B117E1E2E55}.Release|Any CPU.ActiveCfg = Release|Any CPU
		{06550810-BF6E-461F-B02B-0B117E1E2E55}.Release|Any CPU.Build.0 = Release|Any CPU
		{A7D8CFFF-9F75-448D-86FA-6D2A45D26379}.Debug|Any CPU.ActiveCfg = Debug|Any CPU
		{A7D8CFFF-9F75-448D-86FA-6D2A45D26379}.Debug|Any CPU.Build.0 = Debug|Any CPU
		{A7D8CFFF-9F75-448D-86FA-6D2A45D26379}.Release|Any CPU.ActiveCfg = Release|Any CPU
		{A7D8CFFF-9F75-448D-86FA-6D2A45D26379}.Release|Any CPU.Build.0 = Release|Any CPU
		{192714C9-A9AE-4237-B12E-D9E6CA713457}.Debug|Any CPU.ActiveCfg = Debug|Any CPU
		{192714C9-A9AE-4237-B12E-D9E6CA713457}.Debug|Any CPU.Build.0 = Debug|Any CPU
		{192714C9-A9AE-4237-B12E-D9E6CA713457}.Release|Any CPU.ActiveCfg = Release|Any CPU
		{192714C9-A9AE-4237-B12E-D9E6CA713457}.Release|Any CPU.Build.0 = Release|Any CPU
		{09EA4D64-0343-4E29-9A33-1E7775A1C50F}.Debug|Any CPU.ActiveCfg = Debug|Any CPU
		{09EA4D64-0343-4E29-9A33-1E7775A1C50F}.Debug|Any CPU.Build.0 = Debug|Any CPU
		{09EA4D64-0343-4E29-9A33-1E7775A1C50F}.Release|Any CPU.ActiveCfg = Release|Any CPU
		{09EA4D64-0343-4E29-9A33-1E7775A1C50F}.Release|Any CPU.Build.0 = Release|Any CPU
		{B53BA921-D27C-4E8F-A6CD-39FE22647996}.Debug|Any CPU.ActiveCfg = Debug|Any CPU
		{B53BA921-D27C-4E8F-A6CD-39FE22647996}.Debug|Any CPU.Build.0 = Debug|Any CPU
		{B53BA921-D27C-4E8F-A6CD-39FE22647996}.Release|Any CPU.ActiveCfg = Release|Any CPU
		{B53BA921-D27C-4E8F-A6CD-39FE22647996}.Release|Any CPU.Build.0 = Release|Any CPU
		{F7516FB8-1F22-4316-8345-9F719F7E3548}.Debug|Any CPU.ActiveCfg = Debug|Any CPU
		{F7516FB8-1F22-4316-8345-9F719F7E3548}.Debug|Any CPU.Build.0 = Debug|Any CPU
		{F7516FB8-1F22-4316-8345-9F719F7E3548}.Release|Any CPU.ActiveCfg = Release|Any CPU
		{F7516FB8-1F22-4316-8345-9F719F7E3548}.Release|Any CPU.Build.0 = Release|Any CPU
		{1A31E692-E3EB-4C61-A7C3-A50EA3849950}.Debug|Any CPU.ActiveCfg = Debug|Any CPU
		{1A31E692-E3EB-4C61-A7C3-A50EA3849950}.Debug|Any CPU.Build.0 = Debug|Any CPU
		{1A31E692-E3EB-4C61-A7C3-A50EA3849950}.Release|Any CPU.ActiveCfg = Release|Any CPU
		{1A31E692-E3EB-4C61-A7C3-A50EA3849950}.Release|Any CPU.Build.0 = Release|Any CPU
		{BD027D92-69EC-4FFF-A242-5860DA5CE3F3}.Debug|Any CPU.ActiveCfg = Debug|Any CPU
		{BD027D92-69EC-4FFF-A242-5860DA5CE3F3}.Debug|Any CPU.Build.0 = Debug|Any CPU
		{BD027D92-69EC-4FFF-A242-5860DA5CE3F3}.Release|Any CPU.ActiveCfg = Release|Any CPU
		{BD027D92-69EC-4FFF-A242-5860DA5CE3F3}.Release|Any CPU.Build.0 = Release|Any CPU
		{326D0200-2181-4EDC-B880-A90BAFD661AD}.Debug|Any CPU.ActiveCfg = Debug|Any CPU
		{326D0200-2181-4EDC-B880-A90BAFD661AD}.Debug|Any CPU.Build.0 = Debug|Any CPU
		{326D0200-2181-4EDC-B880-A90BAFD661AD}.Release|Any CPU.ActiveCfg = Release|Any CPU
		{326D0200-2181-4EDC-B880-A90BAFD661AD}.Release|Any CPU.Build.0 = Release|Any CPU
		{2619D0F7-DF21-46FF-B4E2-7C312EE4F75F}.Debug|Any CPU.ActiveCfg = Debug|Any CPU
		{2619D0F7-DF21-46FF-B4E2-7C312EE4F75F}.Debug|Any CPU.Build.0 = Debug|Any CPU
		{2619D0F7-DF21-46FF-B4E2-7C312EE4F75F}.Release|Any CPU.ActiveCfg = Release|Any CPU
		{2619D0F7-DF21-46FF-B4E2-7C312EE4F75F}.Release|Any CPU.Build.0 = Release|Any CPU
		{3B721171-0B4C-4FF4-8385-73C5680FD549}.Debug|Any CPU.ActiveCfg = Debug|Any CPU
		{3B721171-0B4C-4FF4-8385-73C5680FD549}.Debug|Any CPU.Build.0 = Debug|Any CPU
		{3B721171-0B4C-4FF4-8385-73C5680FD549}.Release|Any CPU.ActiveCfg = Release|Any CPU
		{3B721171-0B4C-4FF4-8385-73C5680FD549}.Release|Any CPU.Build.0 = Release|Any CPU
	EndGlobalSection
	GlobalSection(SolutionProperties) = preSolution
		HideSolutionNode = FALSE
	EndGlobalSection
	GlobalSection(ExtensibilityGlobals) = postSolution
		SolutionGuid = {122BA63A-CD5B-4CF4-BE62-271887A45728}
	EndGlobalSection
EndGlobal
